# THIS IS AN AUTOGENERATED FILE. DO NOT EDIT THIS FILE DIRECTLY.
# yarn lockfile v1


"@tensorflow-models/body-pix@^1.1.2":
  version "1.1.2"
  resolved "https://registry.yarnpkg.com/@tensorflow-models/body-pix/-/body-pix-1.1.2.tgz#5dfccf0e091586b9eb63dfb88e6c15568edc7133"
  integrity sha512-moCCTlP77v20HMg1e/Hs1LehCDLAKS32e6OUeI1MA/4HrRRO1Dq9engVCLFZUMO2+mJXdQeBdzexcFg0WQox7w==

"@tensorflow/tfjs-converter@1.2.5":
  version "1.2.5"
  resolved "https://registry.yarnpkg.com/@tensorflow/tfjs-converter/-/tfjs-converter-1.2.5.tgz#11b10a421605f82eb7c8da2bfb42bd8ccfc35303"
  integrity sha512-KQoNDl1UDmBBqknaxiFg2tyYoVFyxJ0q5mY/e6mqavokf4vVXn4TsurzxDx++uV6gKEL1fPk9TuSIaq8xHuCRQ==

"@tensorflow/tfjs-core@1.2.5":
  version "1.2.5"
  resolved "https://registry.yarnpkg.com/@tensorflow/tfjs-core/-/tfjs-core-1.2.5.tgz#865f0b3d7a79614650698c907185dd0adfb6470e"
  integrity sha512-2M88UcKVfcMwtIaDEOJKWAxgX9rO+UdPnRZGSyWW/vH2PiB+jKtB6//7O5V4JpbRjA2ZJFjhfQ5ybfQf8wawRg==
  dependencies:
    "@types/offscreencanvas" "~2019.3.0"
    "@types/seedrandom" "2.4.27"
    "@types/webgl-ext" "0.0.30"
    "@types/webgl2" "0.0.4"
    node-fetch "~2.1.2"
    seedrandom "2.4.3"

"@tensorflow/tfjs-data@1.2.5":
  version "1.2.5"
  resolved "https://registry.yarnpkg.com/@tensorflow/tfjs-data/-/tfjs-data-1.2.5.tgz#6269a36da4747d50daf4aaf0051942495754ee35"
  integrity sha512-WXC+bBZNokP1Y0aNwbQ7sGGKZE08rEEPtSviO95xGzg9cyQrdnaj5cPX0jZiapo3/0gxIpHzm6xFpMCYSFQl0Q==
  dependencies:
    "@types/node-fetch" "^2.1.2"
    node-fetch "~2.1.2"

"@tensorflow/tfjs-layers@1.2.5":
  version "1.2.5"
  resolved "https://registry.yarnpkg.com/@tensorflow/tfjs-layers/-/tfjs-layers-1.2.5.tgz#f1119a5b0275c33b3d9fc406caa49d0a05af9ad1"
  integrity sha512-ZF7q7wL4bdW4yM4kCPGFUhGkpA3gcJAeqD43sVsG8mYvTTMAnbrQAZ/0+tNE2Rz2qnx7s8VjbUCT4C5EyMFInQ==

"@tensorflow/tfjs@^1.2.5":
  version "1.2.5"
  resolved "https://registry.yarnpkg.com/@tensorflow/tfjs/-/tfjs-1.2.5.tgz#078ed01ac11b9d4ec9db4cbe4ae72e9cdc1c7eb7"
  integrity sha512-oH1qIwr92jvfsS4b1DDEU0gc7vA3XPgRTqAPQ50PV5/QQ+fvjA/gYtJlUCoTINapIgbGffwTn6J+jVilqvz+SA==
  dependencies:
    "@tensorflow/tfjs-converter" "1.2.5"
    "@tensorflow/tfjs-core" "1.2.5"
    "@tensorflow/tfjs-data" "1.2.5"
    "@tensorflow/tfjs-layers" "1.2.5"

"@types/node-fetch@^2.1.2":
  version "2.5.0"
  resolved "https://registry.yarnpkg.com/@types/node-fetch/-/node-fetch-2.5.0.tgz#1c55616a4591bdd15a389fbd0da4a55b9502add5"
  integrity sha512-TLFRywthBgL68auWj+ziWu+vnmmcHCDFC/sqCOQf1xTz4hRq8cu79z8CtHU9lncExGBsB8fXA4TiLDLt6xvMzw==
  dependencies:
    "@types/node" "*"

"@types/node@*":
  version "12.6.8"
  resolved "https://registry.yarnpkg.com/@types/node/-/node-12.6.8.tgz#e469b4bf9d1c9832aee4907ba8a051494357c12c"
  integrity sha512-aX+gFgA5GHcDi89KG5keey2zf0WfZk/HAQotEamsK2kbey+8yGKcson0hbK8E+v0NArlCJQCqMP161YhV6ZXLg==

"@types/offscreencanvas@~2019.3.0":
  version "2019.3.0"
  resolved "https://registry.yarnpkg.com/@types/offscreencanvas/-/offscreencanvas-2019.3.0.tgz#3336428ec7e9180cf4566dfea5da04eb586a6553"
  integrity sha512-esIJx9bQg+QYF0ra8GnvfianIY8qWB0GBx54PK5Eps6m+xTj86KLavHv6qDhzKcu5UUOgNfJ2pWaIIV7TRUd9Q==

"@types/seedrandom@2.4.27":
  version "2.4.27"
  resolved "https://registry.yarnpkg.com/@types/seedrandom/-/seedrandom-2.4.27.tgz#9db563937dd86915f69092bc43259d2f48578e41"
  integrity sha1-nbVjk33YaRX2kJK8QyWdL0hXjkE=

"@types/webgl-ext@0.0.30":
  version "0.0.30"
  resolved "https://registry.yarnpkg.com/@types/webgl-ext/-/webgl-ext-0.0.30.tgz#0ce498c16a41a23d15289e0b844d945b25f0fb9d"
  integrity sha512-LKVgNmBxN0BbljJrVUwkxwRYqzsAEPcZOe6S2T6ZaBDIrFp0qu4FNlpc5sM1tGbXUYFgdVQIoeLk1Y1UoblyEg==

"@types/webgl2@0.0.4":
  version "0.0.4"
  resolved "https://registry.yarnpkg.com/@types/webgl2/-/webgl2-0.0.4.tgz#c3b0f9d6b465c66138e84e64cb3bdf8373c2c279"
  integrity sha512-PACt1xdErJbMUOUweSrbVM7gSIYm1vTncW2hF6Os/EeWi6TXYAYMPp+8v6rzHmypE5gHrxaxZNXgMkJVIdZpHw==

node-fetch@~2.1.2:
  version "2.1.2"
  resolved "https://registry.yarnpkg.com/node-fetch/-/node-fetch-2.1.2.tgz#ab884e8e7e57e38a944753cec706f788d1768bb5"
  integrity sha1-q4hOjn5X44qUR1POxwb3iNF2i7U=

seedrandom@2.4.3:
  version "2.4.3"
  resolved "https://registry.yarnpkg.com/seedrandom/-/seedrandom-2.4.3.tgz#2438504dad33917314bff18ac4d794f16d6aaecc"
  integrity sha1-JDhQTa0zkXMUv/GKxNeU8W1qrsw=
